
Microsoft Visual Studio Solution File, Format Version 12.00
# Visual Studio Version 16
VisualStudioVersion = 16.0.31727.386
MinimumVisualStudioVersion = 10.0.40219.1
Project("{9A19103F-16F7-4668-BE54-9A1E7A4F7556}") = "PasswordManager.Domain", "PasswordManager.Domain\PasswordManager.Domain.csproj", "{5BE0A4B2-2E44-47C7-9DE7-EDDF0F81790F}"
EndProject
Project("{9A19103F-16F7-4668-BE54-9A1E7A4F7556}") = "PasswordManager.EntityFramework", "PasswordManager.EntityFramework\PasswordManager.EntityFramework.csproj", "{60D48D3A-ACB4-4EC2-9B7F-3EA34323EC8E}"
EndProject
Project("{FAE04EC0-301F-11D3-BF4B-00C04F79EFBC}") = "PasswordManager.CMD", "PasswordManager.CMD\PasswordManager.CMD.csproj", "{3DB0529F-9F25-4F17-8EB6-FE4BCA3E0685}"
EndProject
Project("{FAE04EC0-301F-11D3-BF4B-00C04F79EFBC}") = "PasswordManager.WPF", "PasswordManager.WPF\PasswordManager.WPF.csproj", "{92A43438-A949-4626-8B2C-41722A00C3F5}"
EndProject
Global
	GlobalSection(SolutionConfigurationPlatforms) = preSolution
		Debug|Any CPU = Debug|Any CPU
		Release|Any CPU = Release|Any CPU
	EndGlobalSection
	GlobalSection(ProjectConfigurationPlatforms) = postSolution
		{5BE0A4B2-2E44-47C7-9DE7-EDDF0F81790F}.Debug|Any CPU.ActiveCfg = Debug|Any CPU
		{5BE0A4B2-2E44-47C7-9DE7-EDDF0F81790F}.Debug|Any CPU.Build.0 = Debug|Any CPU
		{5BE0A4B2-2E44-47C7-9DE7-EDDF0F81790F}.Release|Any CPU.ActiveCfg = Release|Any CPU
		{5BE0A4B2-2E44-47C7-9DE7-EDDF0F81790F}.Release|Any CPU.Build.0 = Release|Any CPU
		{60D48D3A-ACB4-4EC2-9B7F-3EA34323EC8E}.Debug|Any CPU.ActiveCfg = Debug|Any CPU
		{60D48D3A-ACB4-4EC2-9B7F-3EA34323EC8E}.Debug|Any CPU.Build.0 = Debug|Any CPU
		{60D48D3A-ACB4-4EC2-9B7F-3EA34323EC8E}.Release|Any CPU.ActiveCfg = Release|Any CPU
		{60D48D3A-ACB4-4EC2-9B7F-3EA34323EC8E}.Release|Any CPU.Build.0 = Release|Any CPU
		{3DB0529F-9F25-4F17-8EB6-FE4BCA3E0685}.Debug|Any CPU.ActiveCfg = Debug|Any CPU
		{3DB0529F-9F25-4F17-8EB6-FE4BCA3E0685}.Debug|Any CPU.Build.0 = Debug|Any CPU
		{3DB0529F-9F25-4F17-8EB6-FE4BCA3E0685}.Release|Any CPU.ActiveCfg = Release|Any CPU
		{3DB0529F-9F25-4F17-8EB6-FE4BCA3E0685}.Release|Any CPU.Build.0 = Release|Any CPU
		{92A43438-A949-4626-8B2C-41722A00C3F5}.Debug|Any CPU.ActiveCfg = Debug|Any CPU
		{92A43438-A949-4626-8B2C-41722A00C3F5}.Debug|Any CPU.Build.0 = Debug|Any CPU
		{92A43438-A949-4626-8B2C-41722A00C3F5}.Release|Any CPU.ActiveCfg = Release|Any CPU
		{92A43438-A949-4626-8B2C-41722A00C3F5}.Release|Any CPU.Build.0 = Release|Any CPU
	EndGlobalSection
	GlobalSection(SolutionProperties) = preSolution
		HideSolutionNode = FALSE
	EndGlobalSection
	GlobalSection(ExtensibilityGlobals) = postSolution
		SolutionGuid = {20446161-0F67-4DF7-9159-4AF1F4CBDDDA}
	EndGlobalSection
EndGlobal
